<?xml version="1.0" encoding="utf-8"?>
<Project ToolsVersion="4.0" xmlns="http://schemas.microsoft.com/developer/msbuild/2003">
  <ItemGroup>
    <Filter Include="소스 파일">
      <UniqueIdentifier>{4FC737F1-C7A5-4376-A066-2A32D752A2FF}</UniqueIdentifier>
      <Extensions>cpp;c;cc;cxx;c++;cppm;ixx;def;odl;idl;hpj;bat;asm;asmx</Extensions>
    </Filter>
    <Filter Include="헤더 파일">
      <UniqueIdentifier>{93995380-89BD-4b04-88EB-625FBE52EBFB}</UniqueIdentifier>
      <Extensions>h;hh;hpp;hxx;h++;hm;inl;inc;ipp;xsd</Extensions>
    </Filter>
    <Filter Include="리소스 파일">
      <UniqueIdentifier>{67DA6AB6-F800-4c08-8B7A-83BB121AAD01}</UniqueIdentifier>
      <Extensions>rc;ico;cur;bmp;dlg;rc2;rct;bin;rgs;gif;jpg;jpeg;jpe;resx;tiff;tif;png;wav;mfcribbon-ms</Extensions>
    </Filter>
    <Filter Include="소스 파일\Level 2">
      <UniqueIdentifier>{356e4626-9633-47af-8a70-f528ded43af6}</UniqueIdentifier>
    </Filter>
    <Filter Include="소스 파일\Level 3">
      <UniqueIdentifier>{561598fb-6a9f-469b-8a23-19f755039af1}</UniqueIdentifier>
    </Filter>
    <Filter Include="소스 파일\Level 4">
      <UniqueIdentifier>{3850f43f-0591-43df-b54f-5a6f5408916b}</UniqueIdentifier>
    </Filter>
    <Filter Include="소스 파일\Level 1">
      <UniqueIdentifier>{d7bddafe-b48e-49f3-b275-09c39946f677}</UniqueIdentifier>
    </Filter>
  </ItemGroup>
  <ItemGroup>
    <ClCompile Include="순위 검색.cpp">
      <Filter>소스 파일\Level 2</Filter>
    </ClCompile>
    <ClCompile Include="메뉴 리뉴얼.cpp">
      <Filter>소스 파일\Level 2</Filter>
    </ClCompile>
    <ClCompile Include="셔틀버스.cpp">
      <Filter>소스 파일\Level 3</Filter>
    </ClCompile>
    <ClCompile Include="오픈채팅방.cpp">
      <Filter>소스 파일\Level 2</Filter>
    </ClCompile>
    <ClCompile Include="문자열 압축.cpp">
      <Filter>소스 파일\Level 2</Filter>
    </ClCompile>
    <ClCompile Include="더 맵게.cpp">
      <Filter>소스 파일\Level 2</Filter>
    </ClCompile>
    <ClCompile Include="124 나라의 숫자.cpp">
      <Filter>소스 파일\Level 2</Filter>
    </ClCompile>
    <ClCompile Include="뉴스 클러스터링.cpp">
      <Filter>소스 파일\Level 2</Filter>
    </ClCompile>
    <ClCompile Include="카카오프렌즈 컬러링북.cpp">
      <Filter>소스 파일\Level 2</Filter>
    </ClCompile>
    <ClCompile Include="불량 사용자.cpp">
      <Filter>소스 파일\Level 3</Filter>
    </ClCompile>
    <ClCompile Include="브라이언의 고민.cpp">
      <Filter>소스 파일\Level 3</Filter>
    </ClCompile>
    <ClCompile Include="로또의 최고 순위와 최저 순위.cpp">
      <Filter>소스 파일\Level 1</Filter>
    </ClCompile>
    <ClCompile Include="크레인 인형뽑기 게임.cpp">
      <Filter>소스 파일\Level 1</Filter>
    </ClCompile>
    <ClCompile Include="단체사진 찍기.cpp">
      <Filter>소스 파일\Level 2</Filter>
    </ClCompile>
    <ClCompile Include="짝지어 제거하기.cpp">
      <Filter>소스 파일\Level 2</Filter>
    </ClCompile>
    <ClCompile Include="튜플.cpp">
      <Filter>소스 파일\Level 2</Filter>
    </ClCompile>
    <ClCompile Include="거리두기 확인하기.cpp">
      <Filter>소스 파일\Level 2</Filter>
    </ClCompile>
    <ClCompile Include="소수 만들기.cpp">
      <Filter>소스 파일\Level 1</Filter>
    </ClCompile>
    <ClCompile Include="추석 트래픽.cpp">
      <Filter>소스 파일\Level 3</Filter>
    </ClCompile>
    <ClCompile Include="예상 대진표.cpp">
      <Filter>소스 파일\Level 2</Filter>
    </ClCompile>
    <ClCompile Include="없는 숫자 더하기.cpp">
      <Filter>소스 파일\Level 1</Filter>
    </ClCompile>
    <ClCompile Include="자물쇠와 열쇠.cpp">
      <Filter>소스 파일\Level 3</Filter>
    </ClCompile>
    <ClCompile Include="폰켓몬.cpp">
      <Filter>소스 파일\Level 1</Filter>
    </ClCompile>
    <ClCompile Include="후보키.cpp">
      <Filter>소스 파일\Level 2</Filter>
    </ClCompile>
    <ClCompile Include="멀쩡한 사각형.cpp">
      <Filter>소스 파일\Level 2</Filter>
    </ClCompile>
    <ClCompile Include="게임 맵 최단거리.cpp">
      <Filter>소스 파일\Level 2</Filter>
    </ClCompile>
  </ItemGroup>
</Project>